
Microsoft Visual Studio Solution File, Format Version 12.00
# Visual Studio Version 16
VisualStudioVersion = 16.0.31402.337
MinimumVisualStudioVersion = 10.0.40219.1
Project("{FAE04EC0-301F-11D3-BF4B-00C04F79EFBC}") = "Aula04-PilaresOO", "Aula04-PilaresOO\Aula04-PilaresOO.csproj", "{961591C2-A5BA-4F0E-A79E-A05E9526443A}"
EndProject
Global
	GlobalSection(SolutionConfigurationPlatforms) = preSolution
		Debug|Any CPU = Debug|Any CPU
		Release|Any CPU = Release|Any CPU
	EndGlobalSection
	GlobalSection(ProjectConfigurationPlatforms) = postSolution
		{961591C2-A5BA-4F0E-A79E-A05E9526443A}.Debug|Any CPU.ActiveCfg = Debug|Any CPU
		{961591C2-A5BA-4F0E-A79E-A05E9526443A}.Debug|Any CPU.Build.0 = Debug|Any CPU
		{961591C2-A5BA-4F0E-A79E-A05E9526443A}.Release|Any CPU.ActiveCfg = Release|Any CPU
		{961591C2-A5BA-4F0E-A79E-A05E9526443A}.Release|Any CPU.Build.0 = Release|Any CPU
	EndGlobalSection
	GlobalSection(SolutionProperties) = preSolution
		HideSolutionNode = FALSE
	EndGlobalSection
	GlobalSection(ExtensibilityGlobals) = postSolution
		SolutionGuid = {4FE72374-A873-46B3-95BE-B12EBCBC571F}
	EndGlobalSection
EndGlobal
