
Microsoft Visual Studio Solution File, Format Version 12.00
# Visual Studio Version 16
VisualStudioVersion = 16.0.31402.337
MinimumVisualStudioVersion = 10.0.40219.1
Project("{9A19103F-16F7-4668-BE54-9A1E7A4F7556}") = "TrocaValor", "TrocaValor\TrocaValor.csproj", "{69502641-0554-4DCC-B955-3BBA5FB62C53}"
EndProject
Global
	GlobalSection(SolutionConfigurationPlatforms) = preSolution
		Debug|Any CPU = Debug|Any CPU
		Release|Any CPU = Release|Any CPU
	EndGlobalSection
	GlobalSection(ProjectConfigurationPlatforms) = postSolution
		{69502641-0554-4DCC-B955-3BBA5FB62C53}.Debug|Any CPU.ActiveCfg = Debug|Any CPU
		{69502641-0554-4DCC-B955-3BBA5FB62C53}.Debug|Any CPU.Build.0 = Debug|Any CPU
		{69502641-0554-4DCC-B955-3BBA5FB62C53}.Release|Any CPU.ActiveCfg = Release|Any CPU
		{69502641-0554-4DCC-B955-3BBA5FB62C53}.Release|Any CPU.Build.0 = Release|Any CPU
	EndGlobalSection
	GlobalSection(SolutionProperties) = preSolution
		HideSolutionNode = FALSE
	EndGlobalSection
	GlobalSection(ExtensibilityGlobals) = postSolution
		SolutionGuid = {8E039D5B-8A2E-43BB-B345-6950C779A6C5}
	EndGlobalSection
EndGlobal
